// !$*UTF8*$!
{
	archiveVersion = 1;
	classes = {
	};
	objectVersion = 50;
	objects = {

/* Begin PBXBuildFile section */
		4B82ABE520932724008ED868 /* AppDelegate.swift in Sources */ = {isa = PBXBuildFile; fileRef = 4B82ABE420932724008ED868 /* AppDelegate.swift */; };
		4B82ABE720932724008ED868 /* ViewController.swift in Sources */ = {isa = PBXBuildFile; fileRef = 4B82ABE620932724008ED868 /* ViewController.swift */; };
		4B82ABEA20932724008ED868 /* Main.storyboard in Resources */ = {isa = PBXBuildFile; fileRef = 4B82ABE820932724008ED868 /* Main.storyboard */; };
		4B82ABEC20932725008ED868 /* Assets.xcassets in Resources */ = {isa = PBXBuildFile; fileRef = 4B82ABEB20932725008ED868 /* Assets.xcassets */; };
		4B82ABEF20932725008ED868 /* LaunchScreen.storyboard in Resources */ = {isa = PBXBuildFile; fileRef = 4B82ABED20932725008ED868 /* LaunchScreen.storyboard */; };
		4B82ABF720932827008ED868 /* MVC.storyboard in Resources */ = {isa = PBXBuildFile; fileRef = 4B82ABF620932827008ED868 /* MVC.storyboard */; };
		4B82ABF920932873008ED868 /* AGVC.storyboard in Resources */ = {isa = PBXBuildFile; fileRef = 4B82ABF820932873008ED868 /* AGVC.storyboard */; };
		4B82ABFB2093287F008ED868 /* AVC.storyboard in Resources */ = {isa = PBXBuildFile; fileRef = 4B82ABFA2093287F008ED868 /* AVC.storyboard */; };
		4B82AC002093807A008ED868 /* AssetViewController.swift in Sources */ = {isa = PBXBuildFile; fileRef = 4B82ABFC20938079008ED868 /* AssetViewController.swift */; };
		4B82AC012093807A008ED868 /* GridViewCell.swift in Sources */ = {isa = PBXBuildFile; fileRef = 4B82ABFD2093807A008ED868 /* GridViewCell.swift */; };
		4B82AC022093807A008ED868 /* MasterViewController.swift in Sources */ = {isa = PBXBuildFile; fileRef = 4B82ABFE2093807A008ED868 /* MasterViewController.swift */; };
		4B82AC032093807A008ED868 /* AssetGridViewController.swift in Sources */ = {isa = PBXBuildFile; fileRef = 4B82ABFF2093807A008ED868 /* AssetGridViewController.swift */; };
/* End PBXBuildFile section */

/* Begin PBXFileReference section */
		4B82ABE120932724008ED868 /* tempPicture.app */ = {isa = PBXFileReference; explicitFileType = wrapper.application; includeInIndex = 0; path = tempPicture.app; sourceTree = BUILT_PRODUCTS_DIR; };
		4B82ABE420932724008ED868 /* AppDelegate.swift */ = {isa = PBXFileReference; lastKnownFileType = sourcecode.swift; path = AppDelegate.swift; sourceTree = "<group>"; };
		4B82ABE620932724008ED868 /* ViewController.swift */ = {isa = PBXFileReference; lastKnownFileType = sourcecode.swift; path = ViewController.swift; sourceTree = "<group>"; };
		4B82ABE920932724008ED868 /* Base */ = {isa = PBXFileReference; lastKnownFileType = file.storyboard; name = Base; path = Base.lproj/Main.storyboard; sourceTree = "<group>"; };
		4B82ABEB20932725008ED868 /* Assets.xcassets */ = {isa = PBXFileReference; lastKnownFileType = folder.assetcatalog; path = Assets.xcassets; sourceTree = "<group>"; };
		4B82ABEE20932725008ED868 /* Base */ = {isa = PBXFileReference; lastKnownFileType = file.storyboard; name = Base; path = Base.lproj/LaunchScreen.storyboard; sourceTree = "<group>"; };
		4B82ABF020932725008ED868 /* Info.plist */ = {isa = PBXFileReference; lastKnownFileType = text.plist.xml; path = Info.plist; sourceTree = "<group>"; };
		4B82ABF620932827008ED868 /* MVC.storyboard */ = {isa = PBXFileReference; lastKnownFileType = file.storyboard; path = MVC.storyboard; sourceTree = "<group>"; };
		4B82ABF820932873008ED868 /* AGVC.storyboard */ = {isa = PBXFileReference; lastKnownFileType = file.storyboard; path = AGVC.storyboard; sourceTree = "<group>"; };
		4B82ABFA2093287F008ED868 /* AVC.storyboard */ = {isa = PBXFileReference; lastKnownFileType = file.storyboard; path = AVC.storyboard; sourceTree = "<group>"; };
		4B82ABFC20938079008ED868 /* AssetViewController.swift */ = {isa = PBXFileReference; fileEncoding = 4; lastKnownFileType = sourcecode.swift; name = AssetViewController.swift; path = ../../../Downloads/ExampleappusingPhotosframework/Shared/AssetViewController.swift; sourceTree = "<group>"; };
		4B82ABFD2093807A008ED868 /* GridViewCell.swift */ = {isa = PBXFileReference; fileEncoding = 4; lastKnownFileType = sourcecode.swift; name = GridViewCell.swift; path = ../../../Downloads/ExampleappusingPhotosframework/Shared/GridViewCell.swift; sourceTree = "<group>"; };
		4B82ABFE2093807A008ED868 /* MasterViewController.swift */ = {isa = PBXFileReference; fileEncoding = 4; lastKnownFileType = sourcecode.swift; name = MasterViewController.swift; path = ../../../Downloads/ExampleappusingPhotosframework/Shared/MasterViewController.swift; sourceTree = "<group>"; };
		4B82ABFF2093807A008ED868 /* AssetGridViewController.swift */ = {isa = PBXFileReference; fileEncoding = 4; lastKnownFileType = sourcecode.swift; name = AssetGridViewController.swift; path = ../../../Downloads/ExampleappusingPhotosframework/Shared/AssetGridViewController.swift; sourceTree = "<group>"; };
/* End PBXFileReference section */

/* Begin PBXFrameworksBuildPhase section */
		4B82ABDE20932724008ED868 /* Frameworks */ = {
			isa = PBXFrameworksBuildPhase;
			buildActionMask = 2147483647;
			files = (
			);
			runOnlyForDeploymentPostprocessing = 0;
		};
/* End PBXFrameworksBuildPhase section */

/* Begin PBXGroup section */
		4B82ABD820932724008ED868 = {
			isa = PBXGroup;
			children = (
				4B82ABE320932724008ED868 /* tempPicture */,
				4B82ABE220932724008ED868 /* Products */,
			);
			sourceTree = "<group>";
		};
		4B82ABE220932724008ED868 /* Products */ = {
			isa = PBXGroup;
			children = (
				4B82ABE120932724008ED868 /* tempPicture.app */,
			);
			name = Products;
			sourceTree = "<group>";
		};
		4B82ABE320932724008ED868 /* tempPicture */ = {
			isa = PBXGroup;
			children = (
				4B82ABE420932724008ED868 /* AppDelegate.swift */,
				4B82ABE620932724008ED868 /* ViewController.swift */,
				4B82ABE820932724008ED868 /* Main.storyboard */,
				4B82ABF620932827008ED868 /* MVC.storyboard */,
				4B82ABF820932873008ED868 /* AGVC.storyboard */,
				4B82ABFA2093287F008ED868 /* AVC.storyboard */,
				4B82ABEB20932725008ED868 /* Assets.xcassets */,
				4B82ABED20932725008ED868 /* LaunchScreen.storyboard */,
				4B82ABF020932725008ED868 /* Info.plist */,
				4B82ABFF2093807A008ED868 /* AssetGridViewController.swift */,
				4B82ABFC20938079008ED868 /* AssetViewController.swift */,
				4B82ABFD2093807A008ED868 /* GridViewCell.swift */,
				4B82ABFE2093807A008ED868 /* MasterViewController.swift */,
			);
			path = tempPicture;
			sourceTree = "<group>";
		};
/* End PBXGroup section */

/* Begin PBXNativeTarget section */
		4B82ABE020932724008ED868 /* tempPicture */ = {
			isa = PBXNativeTarget;
			buildConfigurationList = 4B82ABF320932725008ED868 /* Build configuration list for PBXNativeTarget "tempPicture" */;
			buildPhases = (
				4B82ABDD20932724008ED868 /* Sources */,
				4B82ABDE20932724008ED868 /* Frameworks */,
				4B82ABDF20932724008ED868 /* Resources */,
			);
			buildRules = (
			);
			dependencies = (
			);
			name = tempPicture;
			productName = tempPicture;
			productReference = 4B82ABE120932724008ED868 /* tempPicture.app */;
			productType = "com.apple.product-type.application";
		};
/* End PBXNativeTarget section */

/* Begin PBXProject section */
		4B82ABD920932724008ED868 /* Project object */ = {
			isa = PBXProject;
			attributes = {
				LastSwiftUpdateCheck = 0930;
				LastUpgradeCheck = 0930;
				ORGANIZATIONNAME = "くら〜〜く";
				TargetAttributes = {
					4B82ABE020932724008ED868 = {
						CreatedOnToolsVersion = 9.3;
					};
				};
			};
			buildConfigurationList = 4B82ABDC20932724008ED868 /* Build configuration list for PBXProject "tempPicture" */;
			compatibilityVersion = "Xcode 9.3";
			developmentRegion = en;
			hasScannedForEncodings = 0;
			knownRegions = (
				en,
				Base,
			);
			mainGroup = 4B82ABD820932724008ED868;
			productRefGroup = 4B82ABE220932724008ED868 /* Products */;
			projectDirPath = "";
			projectRoot = "";
			targets = (
				4B82ABE020932724008ED868 /* tempPicture */,
			);
		};
/* End PBXProject section */

/* Begin PBXResourcesBuildPhase section */
		4B82ABDF20932724008ED868 /* Resources */ = {
			isa = PBXResourcesBuildPhase;
			buildActionMask = 2147483647;
			files = (
				4B82ABEF20932725008ED868 /* LaunchScreen.storyboard in Resources */,
				4B82ABF920932873008ED868 /* AGVC.storyboard in Resources */,
				4B82ABEC20932725008ED868 /* Assets.xcassets in Resources */,
				4B82ABEA20932724008ED868 /* Main.storyboard in Resources */,
				4B82ABF720932827008ED868 /* MVC.storyboard in Resources */,
				4B82ABFB2093287F008ED868 /* AVC.storyboard in Resources */,
			);
			runOnlyForDeploymentPostprocessing = 0;
		};
/* End PBXResourcesBuildPhase section */

/* Begin PBXSourcesBuildPhase section */
		4B82ABDD20932724008ED868 /* Sources */ = {
			isa = PBXSourcesBuildPhase;
			buildActionMask = 2147483647;
			files = (
				4B82AC022093807A008ED868 /* MasterViewController.swift in Sources */,
				4B82ABE720932724008ED868 /* ViewController.swift in Sources */,
				4B82AC002093807A008ED868 /* AssetViewController.swift in Sources */,
				4B82AC032093807A008ED868 /* AssetGridViewController.swift in Sources */,
				4B82AC012093807A008ED868 /* GridViewCell.swift in Sources */,
				4B82ABE520932724008ED868 /* AppDelegate.swift in Sources */,
			);
			runOnlyForDeploymentPostprocessing = 0;
		};
/* End PBXSourcesBuildPhase section */

/* Begin PBXVariantGroup section */
		4B82ABE820932724008ED868 /* Main.storyboard */ = {
			isa = PBXVariantGroup;
			children = (
				4B82ABE920932724008ED868 /* Base */,
			);
			name = Main.storyboard;
			sourceTree = "<group>";
		};
		4B82ABED20932725008ED868 /* LaunchScreen.storyboard */ = {
			isa = PBXVariantGroup;
			children = (
				4B82ABEE20932725008ED868 /* Base */,
			);
			name = LaunchScreen.storyboard;
			sourceTree = "<group>";
		};
/* End PBXVariantGroup section */

/* Begin XCBuildConfiguration section */
		4B82ABF120932725008ED868 /* Debug */ = {
			isa = XCBuildConfiguration;
			buildSettings = {
				ALWAYS_SEARCH_USER_PATHS = NO;
				CLANG_ANALYZER_NONNULL = YES;
				CLANG_ANALYZER_NUMBER_OBJECT_CONVERSION = YES_AGGRESSIVE;
				CLANG_CXX_LANGUAGE_STANDARD = "gnu++14";
				CLANG_CXX_LIBRARY = "libc++";
				CLANG_ENABLE_MODULES = YES;
				CLANG_ENABLE_OBJC_ARC = YES;
				CLANG_ENABLE_OBJC_WEAK = YES;
				CLANG_WARN_BLOCK_CAPTURE_AUTORELEASING = YES;
				CLANG_WARN_BOOL_CONVERSION = YES;
				CLANG_WARN_COMMA = YES;
				CLANG_WARN_CONSTANT_CONVERSION = YES;
				CLANG_WARN_DEPRECATED_OBJC_IMPLEMENTATIONS = YES;
				CLANG_WARN_DIRECT_OBJC_ISA_USAGE = YES_ERROR;
				CLANG_WARN_DOCUMENTATION_COMMENTS = YES;
				CLANG_WARN_EMPTY_BODY = YES;
				CLANG_WARN_ENUM_CONVERSION = YES;
				CLANG_WARN_INFINITE_RECURSION = YES;
				CLANG_WARN_INT_CONVERSION = YES;
				CLANG_WARN_NON_LITERAL_NULL_CONVERSION = YES;
				CLANG_WARN_OBJC_IMPLICIT_RETAIN_SELF = YES;
				CLANG_WARN_OBJC_LITERAL_CONVERSION = YES;
				CLANG_WARN_OBJC_ROOT_CLASS = YES_ERROR;
				CLANG_WARN_RANGE_LOOP_ANALYSIS = YES;
				CLANG_WARN_STRICT_PROTOTYPES = YES;
				CLANG_WARN_SUSPICIOUS_MOVE = YES;
				CLANG_WARN_UNGUARDED_AVAILABILITY = YES_AGGRESSIVE;
				CLANG_WARN_UNREACHABLE_CODE = YES;
				CLANG_WARN__DUPLICATE_METHOD_MATCH = YES;
				CODE_SIGN_IDENTITY = "iPhone Developer";
				COPY_PHASE_STRIP = NO;
				DEBUG_INFORMATION_FORMAT = dwarf;
				ENABLE_STRICT_OBJC_MSGSEND = YES;
				ENABLE_TESTABILITY = YES;
				GCC_C_LANGUAGE_STANDARD = gnu11;
				GCC_DYNAMIC_NO_PIC = NO;
				GCC_NO_COMMON_BLOCKS = YES;
				GCC_OPTIMIZATION_LEVEL = 0;
				GCC_PREPROCESSOR_DEFINITIONS = (
					"DEBUG=1",
					"$(inherited)",
				);
				GCC_WARN_64_TO_32_BIT_CONVERSION = YES;
				GCC_WARN_ABOUT_RETURN_TYPE = YES_ERROR;
				GCC_WARN_UNDECLARED_SELECTOR = YES;
				GCC_WARN_UNINITIALIZED_AUTOS = YES_AGGRESSIVE;
				GCC_WARN_UNUSED_FUNCTION = YES;
				GCC_WARN_UNUSED_VARIABLE = YES;
				IPHONEOS_DEPLOYMENT_TARGET = 11.3;
				MTL_ENABLE_DEBUG_INFO = YES;
				ONLY_ACTIVE_ARCH = YES;
				SDKROOT = iphoneos;
				SWIFT_ACTIVE_COMPILATION_CONDITIONS = DEBUG;
				SWIFT_OPTIMIZATION_LEVEL = "-Onone";
			};
			name = Debug;
		};
		4B82ABF220932725008ED868 /* Release */ = {
			isa = XCBuildConfiguration;
			buildSettings = {
				ALWAYS_SEARCH_USER_PATHS = NO;
				CLANG_ANALYZER_NONNULL = YES;
				CLANG_ANALYZER_NUMBER_OBJECT_CONVERSION = YES_AGGRESSIVE;
				CLANG_CXX_LANGUAGE_STANDARD = "gnu++14";
				CLANG_CXX_LIBRARY = "libc++";
				CLANG_ENABLE_MODULES = YES;
				CLANG_ENABLE_OBJC_ARC = YES;
				CLANG_ENABLE_OBJC_WEAK = YES;
				CLANG_WARN_BLOCK_CAPTURE_AUTORELEASING = YES;
				CLANG_WARN_BOOL_CONVERSION = YES;
				CLANG_WARN_COMMA = YES;
				CLANG_WARN_CONSTANT_CONVERSION = YES;
				CLANG_WARN_DEPRECATED_OBJC_IMPLEMENTATIONS = YES;
				CLANG_WARN_DIRECT_OBJC_ISA_USAGE = YES_ERROR;
				CLANG_WARN_DOCUMENTATION_COMMENTS = YES;
				CLANG_WARN_EMPTY_BODY = YES;
				CLANG_WARN_ENUM_CONVERSION = YES;
				CLANG_WARN_INFINITE_RECURSION = YES;
				CLANG_WARN_INT_CONVERSION = YES;
				CLANG_WARN_NON_LITERAL_NULL_CONVERSION = YES;
				CLANG_WARN_OBJC_IMPLICIT_RETAIN_SELF = YES;
				CLANG_WARN_OBJC_LITERAL_CONVERSION = YES;
				CLANG_WARN_OBJC_ROOT_CLASS = YES_ERROR;
				CLANG_WARN_RANGE_LOOP_ANALYSIS = YES;
				CLANG_WARN_STRICT_PROTOTYPES = YES;
				CLANG_WARN_SUSPICIOUS_MOVE = YES;
				CLANG_WARN_UNGUARDED_AVAILABILITY = YES_AGGRESSIVE;
				CLANG_WARN_UNREACHABLE_CODE = YES;
				CLANG_WARN__DUPLICATE_METHOD_MATCH = YES;
				CODE_SIGN_IDENTITY = "iPhone Developer";
				COPY_PHASE_STRIP = NO;
				DEBUG_INFORMATION_FORMAT = "dwarf-with-dsym";
				ENABLE_NS_ASSERTIONS = NO;
				ENABLE_STRICT_OBJC_MSGSEND = YES;
				GCC_C_LANGUAGE_STANDARD = gnu11;
				GCC_NO_COMMON_BLOCKS = YES;
				GCC_WARN_64_TO_32_BIT_CONVERSION = YES;
				GCC_WARN_ABOUT_RETURN_TYPE = YES_ERROR;
				GCC_WARN_UNDECLARED_SELECTOR = YES;
				GCC_WARN_UNINITIALIZED_AUTOS = YES_AGGRESSIVE;
				GCC_WARN_UNUSED_FUNCTION = YES;
				GCC_WARN_UNUSED_VARIABLE = YES;
				IPHONEOS_DEPLOYMENT_TARGET = 11.3;
				MTL_ENABLE_DEBUG_INFO = NO;
				SDKROOT = iphoneos;
				SWIFT_COMPILATION_MODE = wholemodule;
				SWIFT_OPTIMIZATION_LEVEL = "-O";
				VALIDATE_PRODUCT = YES;
			};
			name = Release;
		};
		4B82ABF420932725008ED868 /* Debug */ = {
			isa = XCBuildConfiguration;
			buildSettings = {
				ASSETCATALOG_COMPILER_APPICON_NAME = AppIcon;
				CODE_SIGN_STYLE = Automatic;
				DEVELOPMENT_TEAM = 82D2823FXQ;
				INFOPLIST_FILE = tempPicture/Info.plist;
				LD_RUNPATH_SEARCH_PATHS = (
					"$(inherited)",
					"@executable_path/Frameworks",
				);
				PRODUCT_BUNDLE_IDENTIFIER = sss.tempPicture;
				PRODUCT_NAME = "$(TARGET_NAME)";
				SWIFT_VERSION = 4.0;
				TARGETED_DEVICE_FAMILY = "1,2";
			};
			name = Debug;
		};
		4B82ABF520932725008ED868 /* Release */ = {
			isa = XCBuildConfiguration;
			buildSettings = {
				ASSETCATALOG_COMPILER_APPICON_NAME = AppIcon;
				CODE_SIGN_STYLE = Automatic;
				DEVELOPMENT_TEAM = 82D2823FXQ;
				INFOPLIST_FILE = tempPicture/Info.plist;
				LD_RUNPATH_SEARCH_PATHS = (
					"$(inherited)",
					"@executable_path/Frameworks",
				);
				PRODUCT_BUNDLE_IDENTIFIER = sss.tempPicture;
				PRODUCT_NAME = "$(TARGET_NAME)";
				SWIFT_VERSION = 4.0;
				TARGETED_DEVICE_FAMILY = "1,2";
			};
			name = Release;
		};
/* End XCBuildConfiguration section */

/* Begin XCConfigurationList section */
		4B82ABDC20932724008ED868 /* Build configuration list for PBXProject "tempPicture" */ = {
			isa = XCConfigurationList;
			buildConfigurations = (
				4B82ABF120932725008ED868 /* Debug */,
				4B82ABF220932725008ED868 /* Release */,
			);
			defaultConfigurationIsVisible = 0;
			defaultConfigurationName = Release;
		};
		4B82ABF320932725008ED868 /* Build configuration list for PBXNativeTarget "tempPicture" */ = {
			isa = XCConfigurationList;
			buildConfigurations = (
				4B82ABF420932725008ED868 /* Debug */,
				4B82ABF520932725008ED868 /* Release */,
			);
			defaultConfigurationIsVisible = 0;
			defaultConfigurationName = Release;
		};
/* End XCConfigurationList section */
	};
	rootObject = 4B82ABD920932724008ED868 /* Project object */;
}
